// !$*UTF8*$!
{
	archiveVersion = 1;
	classes = {
	};
	objectVersion = 46;
	objects = {

/* Begin PBXBuildFile section */
		405E022C17CCDBF20003EEF7 /* UIKit.framework in Frameworks */ = {isa = PBXBuildFile; fileRef = 405E022B17CCDBF20003EEF7 /* UIKit.framework */; };
		405E022E17CCDBF20003EEF7 /* Foundation.framework in Frameworks */ = {isa = PBXBuildFile; fileRef = 405E022D17CCDBF20003EEF7 /* Foundation.framework */; };
		405E023017CCDBF20003EEF7 /* CoreGraphics.framework in Frameworks */ = {isa = PBXBuildFile; fileRef = 405E022F17CCDBF20003EEF7 /* CoreGraphics.framework */; };
		405E023617CCDBF20003EEF7 /* InfoPlist.strings in Resources */ = {isa = PBXBuildFile; fileRef = 405E023417CCDBF20003EEF7 /* InfoPlist.strings */; };
		405E023817CCDBF20003EEF7 /* main.m in Sources */ = {isa = PBXBuildFile; fileRef = 405E023717CCDBF20003EEF7 /* main.m */; };
		405E023C17CCDBF20003EEF7 /* MLVAppDelegate.m in Sources */ = {isa = PBXBuildFile; fileRef = 405E023B17CCDBF20003EEF7 /* MLVAppDelegate.m */; };
		405E023E17CCDBF20003EEF7 /* Default.png in Resources */ = {isa = PBXBuildFile; fileRef = 405E023D17CCDBF20003EEF7 /* Default.png */; };
		405E024017CCDBF20003EEF7 /* Default@2x.png in Resources */ = {isa = PBXBuildFile; fileRef = 405E023F17CCDBF20003EEF7 /* Default@2x.png */; };
		405E024217CCDBF20003EEF7 /* Default-568h@2x.png in Resources */ = {isa = PBXBuildFile; fileRef = 405E024117CCDBF20003EEF7 /* Default-568h@2x.png */; };
		405E024517CCDBF20003EEF7 /* MainStoryboard.storyboard in Resources */ = {isa = PBXBuildFile; fileRef = 405E024317CCDBF20003EEF7 /* MainStoryboard.storyboard */; };
		405E024817CCDBF20003EEF7 /* MLVFirstViewController.m in Sources */ = {isa = PBXBuildFile; fileRef = 405E024717CCDBF20003EEF7 /* MLVFirstViewController.m */; };
		405E024A17CCDBF20003EEF7 /* first.png in Resources */ = {isa = PBXBuildFile; fileRef = 405E024917CCDBF20003EEF7 /* first.png */; };
		405E024C17CCDBF20003EEF7 /* first@2x.png in Resources */ = {isa = PBXBuildFile; fileRef = 405E024B17CCDBF20003EEF7 /* first@2x.png */; };
		405E024F17CCDBF20003EEF7 /* MLVSecondViewController.m in Sources */ = {isa = PBXBuildFile; fileRef = 405E024E17CCDBF20003EEF7 /* MLVSecondViewController.m */; };
		405E025117CCDBF20003EEF7 /* second.png in Resources */ = {isa = PBXBuildFile; fileRef = 405E025017CCDBF20003EEF7 /* second.png */; };
		405E025317CCDBF20003EEF7 /* second@2x.png in Resources */ = {isa = PBXBuildFile; fileRef = 405E025217CCDBF20003EEF7 /* second@2x.png */; };
		405E025B17CCDC460003EEF7 /* MLVCoreDataController.m in Sources */ = {isa = PBXBuildFile; fileRef = 405E025A17CCDC460003EEF7 /* MLVCoreDataController.m */; };
		405E027017CCDC7B0003EEF7 /* AFHTTPClient.m in Sources */ = {isa = PBXBuildFile; fileRef = 405E025E17CCDC7B0003EEF7 /* AFHTTPClient.m */; };
		405E027117CCDC7B0003EEF7 /* AFHTTPRequestOperation.m in Sources */ = {isa = PBXBuildFile; fileRef = 405E026017CCDC7B0003EEF7 /* AFHTTPRequestOperation.m */; };
		405E027217CCDC7B0003EEF7 /* AFImageRequestOperation.m in Sources */ = {isa = PBXBuildFile; fileRef = 405E026217CCDC7B0003EEF7 /* AFImageRequestOperation.m */; };
		405E027317CCDC7B0003EEF7 /* AFJSONRequestOperation.m in Sources */ = {isa = PBXBuildFile; fileRef = 405E026417CCDC7B0003EEF7 /* AFJSONRequestOperation.m */; };
		405E027417CCDC7B0003EEF7 /* AFNetworkActivityIndicatorManager.m in Sources */ = {isa = PBXBuildFile; fileRef = 405E026617CCDC7B0003EEF7 /* AFNetworkActivityIndicatorManager.m */; };
		405E027517CCDC7B0003EEF7 /* AFPropertyListRequestOperation.m in Sources */ = {isa = PBXBuildFile; fileRef = 405E026917CCDC7B0003EEF7 /* AFPropertyListRequestOperation.m */; };
		405E027617CCDC7B0003EEF7 /* AFURLConnectionOperation.m in Sources */ = {isa = PBXBuildFile; fileRef = 405E026B17CCDC7B0003EEF7 /* AFURLConnectionOperation.m */; };
		405E027717CCDC7B0003EEF7 /* AFXMLRequestOperation.m in Sources */ = {isa = PBXBuildFile; fileRef = 405E026D17CCDC7B0003EEF7 /* AFXMLRequestOperation.m */; };
		405E027817CCDC7B0003EEF7 /* UIImageView+AFNetworking.m in Sources */ = {isa = PBXBuildFile; fileRef = 405E026F17CCDC7B0003EEF7 /* UIImageView+AFNetworking.m */; };
		405E027A17CCDCA10003EEF7 /* Security.framework in Frameworks */ = {isa = PBXBuildFile; fileRef = 405E027917CCDCA10003EEF7 /* Security.framework */; };
		405E027C17CCDCA60003EEF7 /* SystemConfiguration.framework in Frameworks */ = {isa = PBXBuildFile; fileRef = 405E027B17CCDCA60003EEF7 /* SystemConfiguration.framework */; };
		405E027E17CCDCAB0003EEF7 /* MobileCoreServices.framework in Frameworks */ = {isa = PBXBuildFile; fileRef = 405E027D17CCDCAB0003EEF7 /* MobileCoreServices.framework */; };
		405E028117CCDD380003EEF7 /* MLVAFParseAPIClient.m in Sources */ = {isa = PBXBuildFile; fileRef = 405E028017CCDD380003EEF7 /* MLVAFParseAPIClient.m */; };
		405E028417CCE03D0003EEF7 /* MLVSyncEngine.m in Sources */ = {isa = PBXBuildFile; fileRef = 405E028317CCE03D0003EEF7 /* MLVSyncEngine.m */; };
		405E028617CCE17A0003EEF7 /* CoreData.framework in Frameworks */ = {isa = PBXBuildFile; fileRef = 405E028517CCE17A0003EEF7 /* CoreData.framework */; };
		405E028917CCE5650003EEF7 /* GolfCalculator.xcdatamodeld in Sources */ = {isa = PBXBuildFile; fileRef = 405E028717CCE5650003EEF7 /* GolfCalculator.xcdatamodeld */; };
		405E028C17CCE99E0003EEF7 /* Club.m in Sources */ = {isa = PBXBuildFile; fileRef = 405E028B17CCE99E0003EEF7 /* Club.m */; };
		405E028F17CCE99E0003EEF7 /* IronSet.m in Sources */ = {isa = PBXBuildFile; fileRef = 405E028E17CCE99E0003EEF7 /* IronSet.m */; };
/* End PBXBuildFile section */

/* Begin PBXFileReference section */
		405E022817CCDBF20003EEF7 /* GolfCalculator.app */ = {isa = PBXFileReference; explicitFileType = wrapper.application; includeInIndex = 0; path = GolfCalculator.app; sourceTree = BUILT_PRODUCTS_DIR; };
		405E022B17CCDBF20003EEF7 /* UIKit.framework */ = {isa = PBXFileReference; lastKnownFileType = wrapper.framework; name = UIKit.framework; path = System/Library/Frameworks/UIKit.framework; sourceTree = SDKROOT; };
		405E022D17CCDBF20003EEF7 /* Foundation.framework */ = {isa = PBXFileReference; lastKnownFileType = wrapper.framework; name = Foundation.framework; path = System/Library/Frameworks/Foundation.framework; sourceTree = SDKROOT; };
		405E022F17CCDBF20003EEF7 /* CoreGraphics.framework */ = {isa = PBXFileReference; lastKnownFileType = wrapper.framework; name = CoreGraphics.framework; path = System/Library/Frameworks/CoreGraphics.framework; sourceTree = SDKROOT; };
		405E023317CCDBF20003EEF7 /* GolfCalculator-Info.plist */ = {isa = PBXFileReference; lastKnownFileType = text.plist.xml; path = "GolfCalculator-Info.plist"; sourceTree = "<group>"; };
		405E023517CCDBF20003EEF7 /* en */ = {isa = PBXFileReference; lastKnownFileType = text.plist.strings; name = en; path = en.lproj/InfoPlist.strings; sourceTree = "<group>"; };
		405E023717CCDBF20003EEF7 /* main.m */ = {isa = PBXFileReference; lastKnownFileType = sourcecode.c.objc; path = main.m; sourceTree = "<group>"; };
		405E023917CCDBF20003EEF7 /* GolfCalculator-Prefix.pch */ = {isa = PBXFileReference; lastKnownFileType = sourcecode.c.h; path = "GolfCalculator-Prefix.pch"; sourceTree = "<group>"; };
		405E023A17CCDBF20003EEF7 /* MLVAppDelegate.h */ = {isa = PBXFileReference; lastKnownFileType = sourcecode.c.h; path = MLVAppDelegate.h; sourceTree = "<group>"; };
		405E023B17CCDBF20003EEF7 /* MLVAppDelegate.m */ = {isa = PBXFileReference; lastKnownFileType = sourcecode.c.objc; path = MLVAppDelegate.m; sourceTree = "<group>"; };
		405E023D17CCDBF20003EEF7 /* Default.png */ = {isa = PBXFileReference; lastKnownFileType = image.png; path = Default.png; sourceTree = "<group>"; };
		405E023F17CCDBF20003EEF7 /* Default@2x.png */ = {isa = PBXFileReference; lastKnownFileType = image.png; path = "Default@2x.png"; sourceTree = "<group>"; };
		405E024117CCDBF20003EEF7 /* Default-568h@2x.png */ = {isa = PBXFileReference; lastKnownFileType = image.png; path = "Default-568h@2x.png"; sourceTree = "<group>"; };
		405E024417CCDBF20003EEF7 /* en */ = {isa = PBXFileReference; lastKnownFileType = file.storyboard; name = en; path = en.lproj/MainStoryboard.storyboard; sourceTree = "<group>"; };
		405E024617CCDBF20003EEF7 /* MLVFirstViewController.h */ = {isa = PBXFileReference; lastKnownFileType = sourcecode.c.h; path = MLVFirstViewController.h; sourceTree = "<group>"; };
		405E024717CCDBF20003EEF7 /* MLVFirstViewController.m */ = {isa = PBXFileReference; lastKnownFileType = sourcecode.c.objc; path = MLVFirstViewController.m; sourceTree = "<group>"; };
		405E024917CCDBF20003EEF7 /* first.png */ = {isa = PBXFileReference; lastKnownFileType = image.png; path = first.png; sourceTree = "<group>"; };
		405E024B17CCDBF20003EEF7 /* first@2x.png */ = {isa = PBXFileReference; lastKnownFileType = image.png; path = "first@2x.png"; sourceTree = "<group>"; };
		405E024D17CCDBF20003EEF7 /* MLVSecondViewController.h */ = {isa = PBXFileReference; lastKnownFileType = sourcecode.c.h; path = MLVSecondViewController.h; sourceTree = "<group>"; };
		405E024E17CCDBF20003EEF7 /* MLVSecondViewController.m */ = {isa = PBXFileReference; lastKnownFileType = sourcecode.c.objc; path = MLVSecondViewController.m; sourceTree = "<group>"; };
		405E025017CCDBF20003EEF7 /* second.png */ = {isa = PBXFileReference; lastKnownFileType = image.png; path = second.png; sourceTree = "<group>"; };
		405E025217CCDBF20003EEF7 /* second@2x.png */ = {isa = PBXFileReference; lastKnownFileType = image.png; path = "second@2x.png"; sourceTree = "<group>"; };
		405E025917CCDC460003EEF7 /* MLVCoreDataController.h */ = {isa = PBXFileReference; fileEncoding = 4; lastKnownFileType = sourcecode.c.h; path = MLVCoreDataController.h; sourceTree = "<group>"; };
		405E025A17CCDC460003EEF7 /* MLVCoreDataController.m */ = {isa = PBXFileReference; fileEncoding = 4; lastKnownFileType = sourcecode.c.objc; path = MLVCoreDataController.m; sourceTree = "<group>"; };
		405E025D17CCDC7B0003EEF7 /* AFHTTPClient.h */ = {isa = PBXFileReference; fileEncoding = 4; lastKnownFileType = sourcecode.c.h; path = AFHTTPClient.h; sourceTree = "<group>"; };
		405E025E17CCDC7B0003EEF7 /* AFHTTPClient.m */ = {isa = PBXFileReference; fileEncoding = 4; lastKnownFileType = sourcecode.c.objc; path = AFHTTPClient.m; sourceTree = "<group>"; };
		405E025F17CCDC7B0003EEF7 /* AFHTTPRequestOperation.h */ = {isa = PBXFileReference; fileEncoding = 4; lastKnownFileType = sourcecode.c.h; path = AFHTTPRequestOperation.h; sourceTree = "<group>"; };
		405E026017CCDC7B0003EEF7 /* AFHTTPRequestOperation.m */ = {isa = PBXFileReference; fileEncoding = 4; lastKnownFileType = sourcecode.c.objc; path = AFHTTPRequestOperation.m; sourceTree = "<group>"; };
		405E026117CCDC7B0003EEF7 /* AFImageRequestOperation.h */ = {isa = PBXFileReference; fileEncoding = 4; lastKnownFileType = sourcecode.c.h; path = AFImageRequestOperation.h; sourceTree = "<group>"; };
		405E026217CCDC7B0003EEF7 /* AFImageRequestOperation.m */ = {isa = PBXFileReference; fileEncoding = 4; lastKnownFileType = sourcecode.c.objc; path = AFImageRequestOperation.m; sourceTree = "<group>"; };
		405E026317CCDC7B0003EEF7 /* AFJSONRequestOperation.h */ = {isa = PBXFileReference; fileEncoding = 4; lastKnownFileType = sourcecode.c.h; path = AFJSONRequestOperation.h; sourceTree = "<group>"; };
		405E026417CCDC7B0003EEF7 /* AFJSONRequestOperation.m */ = {isa = PBXFileReference; fileEncoding = 4; lastKnownFileType = sourcecode.c.objc; path = AFJSONRequestOperation.m; sourceTree = "<group>"; };
		405E026517CCDC7B0003EEF7 /* AFNetworkActivityIndicatorManager.h */ = {isa = PBXFileReference; fileEncoding = 4; lastKnownFileType = sourcecode.c.h; path = AFNetworkActivityIndicatorManager.h; sourceTree = "<group>"; };
		405E026617CCDC7B0003EEF7 /* AFNetworkActivityIndicatorManager.m */ = {isa = PBXFileReference; fileEncoding = 4; lastKnownFileType = sourcecode.c.objc; path = AFNetworkActivityIndicatorManager.m; sourceTree = "<group>"; };
		405E026717CCDC7B0003EEF7 /* AFNetworking.h */ = {isa = PBXFileReference; fileEncoding = 4; lastKnownFileType = sourcecode.c.h; path = AFNetworking.h; sourceTree = "<group>"; };
		405E026817CCDC7B0003EEF7 /* AFPropertyListRequestOperation.h */ = {isa = PBXFileReference; fileEncoding = 4; lastKnownFileType = sourcecode.c.h; path = AFPropertyListRequestOperation.h; sourceTree = "<group>"; };
		405E026917CCDC7B0003EEF7 /* AFPropertyListRequestOperation.m */ = {isa = PBXFileReference; fileEncoding = 4; lastKnownFileType = sourcecode.c.objc; path = AFPropertyListRequestOperation.m; sourceTree = "<group>"; };
		405E026A17CCDC7B0003EEF7 /* AFURLConnectionOperation.h */ = {isa = PBXFileReference; fileEncoding = 4; lastKnownFileType = sourcecode.c.h; path = AFURLConnectionOperation.h; sourceTree = "<group>"; };
		405E026B17CCDC7B0003EEF7 /* AFURLConnectionOperation.m */ = {isa = PBXFileReference; fileEncoding = 4; lastKnownFileType = sourcecode.c.objc; path = AFURLConnectionOperation.m; sourceTree = "<group>"; };
		405E026C17CCDC7B0003EEF7 /* AFXMLRequestOperation.h */ = {isa = PBXFileReference; fileEncoding = 4; lastKnownFileType = sourcecode.c.h; path = AFXMLRequestOperation.h; sourceTree = "<group>"; };
		405E026D17CCDC7B0003EEF7 /* AFXMLRequestOperation.m */ = {isa = PBXFileReference; fileEncoding = 4; lastKnownFileType = sourcecode.c.objc; path = AFXMLRequestOperation.m; sourceTree = "<group>"; };
		405E026E17CCDC7B0003EEF7 /* UIImageView+AFNetworking.h */ = {isa = PBXFileReference; fileEncoding = 4; lastKnownFileType = sourcecode.c.h; path = "UIImageView+AFNetworking.h"; sourceTree = "<group>"; };
		405E026F17CCDC7B0003EEF7 /* UIImageView+AFNetworking.m */ = {isa = PBXFileReference; fileEncoding = 4; lastKnownFileType = sourcecode.c.objc; path = "UIImageView+AFNetworking.m"; sourceTree = "<group>"; };
		405E027917CCDCA10003EEF7 /* Security.framework */ = {isa = PBXFileReference; lastKnownFileType = wrapper.framework; name = Security.framework; path = System/Library/Frameworks/Security.framework; sourceTree = SDKROOT; };
		405E027B17CCDCA60003EEF7 /* SystemConfiguration.framework */ = {isa = PBXFileReference; lastKnownFileType = wrapper.framework; name = SystemConfiguration.framework; path = System/Library/Frameworks/SystemConfiguration.framework; sourceTree = SDKROOT; };
		405E027D17CCDCAB0003EEF7 /* MobileCoreServices.framework */ = {isa = PBXFileReference; lastKnownFileType = wrapper.framework; name = MobileCoreServices.framework; path = System/Library/Frameworks/MobileCoreServices.framework; sourceTree = SDKROOT; };
		405E027F17CCDD380003EEF7 /* MLVAFParseAPIClient.h */ = {isa = PBXFileReference; fileEncoding = 4; lastKnownFileType = sourcecode.c.h; path = MLVAFParseAPIClient.h; sourceTree = "<group>"; };
		405E028017CCDD380003EEF7 /* MLVAFParseAPIClient.m */ = {isa = PBXFileReference; fileEncoding = 4; lastKnownFileType = sourcecode.c.objc; path = MLVAFParseAPIClient.m; sourceTree = "<group>"; };
		405E028217CCE03D0003EEF7 /* MLVSyncEngine.h */ = {isa = PBXFileReference; fileEncoding = 4; lastKnownFileType = sourcecode.c.h; path = MLVSyncEngine.h; sourceTree = "<group>"; };
		405E028317CCE03D0003EEF7 /* MLVSyncEngine.m */ = {isa = PBXFileReference; fileEncoding = 4; lastKnownFileType = sourcecode.c.objc; path = MLVSyncEngine.m; sourceTree = "<group>"; };
		405E028517CCE17A0003EEF7 /* CoreData.framework */ = {isa = PBXFileReference; lastKnownFileType = wrapper.framework; name = CoreData.framework; path = System/Library/Frameworks/CoreData.framework; sourceTree = SDKROOT; };
		405E028817CCE5650003EEF7 /* GolfCalculator.xcdatamodel */ = {isa = PBXFileReference; lastKnownFileType = wrapper.xcdatamodel; path = GolfCalculator.xcdatamodel; sourceTree = "<group>"; };
		405E028A17CCE99E0003EEF7 /* Club.h */ = {isa = PBXFileReference; fileEncoding = 4; lastKnownFileType = sourcecode.c.h; path = Club.h; sourceTree = "<group>"; };
		405E028B17CCE99E0003EEF7 /* Club.m */ = {isa = PBXFileReference; fileEncoding = 4; lastKnownFileType = sourcecode.c.objc; path = Club.m; sourceTree = "<group>"; };
		405E028D17CCE99E0003EEF7 /* IronSet.h */ = {isa = PBXFileReference; fileEncoding = 4; lastKnownFileType = sourcecode.c.h; path = IronSet.h; sourceTree = "<group>"; };
		405E028E17CCE99E0003EEF7 /* IronSet.m */ = {isa = PBXFileReference; fileEncoding = 4; lastKnownFileType = sourcecode.c.objc; path = IronSet.m; sourceTree = "<group>"; };
/* End PBXFileReference section */

/* Begin PBXFrameworksBuildPhase section */
		405E022517CCDBF20003EEF7 /* Frameworks */ = {
			isa = PBXFrameworksBuildPhase;
			buildActionMask = 2147483647;
			files = (
				405E028617CCE17A0003EEF7 /* CoreData.framework in Frameworks */,
				405E027E17CCDCAB0003EEF7 /* MobileCoreServices.framework in Frameworks */,
				405E027C17CCDCA60003EEF7 /* SystemConfiguration.framework in Frameworks */,
				405E027A17CCDCA10003EEF7 /* Security.framework in Frameworks */,
				405E022C17CCDBF20003EEF7 /* UIKit.framework in Frameworks */,
				405E022E17CCDBF20003EEF7 /* Foundation.framework in Frameworks */,
				405E023017CCDBF20003EEF7 /* CoreGraphics.framework in Frameworks */,
			);
			runOnlyForDeploymentPostprocessing = 0;
		};
/* End PBXFrameworksBuildPhase section */

/* Begin PBXGroup section */
		405E021F17CCDBF20003EEF7 = {
			isa = PBXGroup;
			children = (
				405E028717CCE5650003EEF7 /* GolfCalculator.xcdatamodeld */,
				405E023117CCDBF20003EEF7 /* GolfCalculator */,
				405E022A17CCDBF20003EEF7 /* Frameworks */,
				405E022917CCDBF20003EEF7 /* Products */,
			);
			sourceTree = "<group>";
		};
		405E022917CCDBF20003EEF7 /* Products */ = {
			isa = PBXGroup;
			children = (
				405E022817CCDBF20003EEF7 /* GolfCalculator.app */,
			);
			name = Products;
			sourceTree = "<group>";
		};
		405E022A17CCDBF20003EEF7 /* Frameworks */ = {
			isa = PBXGroup;
			children = (
				405E028517CCE17A0003EEF7 /* CoreData.framework */,
				405E027B17CCDCA60003EEF7 /* SystemConfiguration.framework */,
				405E027917CCDCA10003EEF7 /* Security.framework */,
				405E027D17CCDCAB0003EEF7 /* MobileCoreServices.framework */,
				405E022B17CCDBF20003EEF7 /* UIKit.framework */,
				405E022D17CCDBF20003EEF7 /* Foundation.framework */,
				405E022F17CCDBF20003EEF7 /* CoreGraphics.framework */,
			);
			name = Frameworks;
			sourceTree = "<group>";
		};
		405E023117CCDBF20003EEF7 /* GolfCalculator */ = {
			isa = PBXGroup;
			children = (
				405E025C17CCDC7B0003EEF7 /* AFNetworking */,
				405E029017CCE9CB0003EEF7 /* Models */,
				405E023A17CCDBF20003EEF7 /* MLVAppDelegate.h */,
				405E023B17CCDBF20003EEF7 /* MLVAppDelegate.m */,
				405E024317CCDBF20003EEF7 /* MainStoryboard.storyboard */,
				405E024617CCDBF20003EEF7 /* MLVFirstViewController.h */,
				405E024717CCDBF20003EEF7 /* MLVFirstViewController.m */,
				405E024917CCDBF20003EEF7 /* first.png */,
				405E024B17CCDBF20003EEF7 /* first@2x.png */,
				405E024D17CCDBF20003EEF7 /* MLVSecondViewController.h */,
				405E024E17CCDBF20003EEF7 /* MLVSecondViewController.m */,
				405E025017CCDBF20003EEF7 /* second.png */,
				405E025217CCDBF20003EEF7 /* second@2x.png */,
				405E023217CCDBF20003EEF7 /* Supporting Files */,
				405E025917CCDC460003EEF7 /* MLVCoreDataController.h */,
				405E025A17CCDC460003EEF7 /* MLVCoreDataController.m */,
				405E027F17CCDD380003EEF7 /* MLVAFParseAPIClient.h */,
				405E028017CCDD380003EEF7 /* MLVAFParseAPIClient.m */,
				405E028217CCE03D0003EEF7 /* MLVSyncEngine.h */,
				405E028317CCE03D0003EEF7 /* MLVSyncEngine.m */,
			);
			path = GolfCalculator;
			sourceTree = "<group>";
		};
		405E023217CCDBF20003EEF7 /* Supporting Files */ = {
			isa = PBXGroup;
			children = (
				405E023317CCDBF20003EEF7 /* GolfCalculator-Info.plist */,
				405E023417CCDBF20003EEF7 /* InfoPlist.strings */,
				405E023717CCDBF20003EEF7 /* main.m */,
				405E023917CCDBF20003EEF7 /* GolfCalculator-Prefix.pch */,
				405E023D17CCDBF20003EEF7 /* Default.png */,
				405E023F17CCDBF20003EEF7 /* Default@2x.png */,
				405E024117CCDBF20003EEF7 /* Default-568h@2x.png */,
			);
			name = "Supporting Files";
			sourceTree = "<group>";
		};
		405E025C17CCDC7B0003EEF7 /* AFNetworking */ = {
			isa = PBXGroup;
			children = (
				405E025D17CCDC7B0003EEF7 /* AFHTTPClient.h */,
				405E025E17CCDC7B0003EEF7 /* AFHTTPClient.m */,
				405E025F17CCDC7B0003EEF7 /* AFHTTPRequestOperation.h */,
				405E026017CCDC7B0003EEF7 /* AFHTTPRequestOperation.m */,
				405E026117CCDC7B0003EEF7 /* AFImageRequestOperation.h */,
				405E026217CCDC7B0003EEF7 /* AFImageRequestOperation.m */,
				405E026317CCDC7B0003EEF7 /* AFJSONRequestOperation.h */,
				405E026417CCDC7B0003EEF7 /* AFJSONRequestOperation.m */,
				405E026517CCDC7B0003EEF7 /* AFNetworkActivityIndicatorManager.h */,
				405E026617CCDC7B0003EEF7 /* AFNetworkActivityIndicatorManager.m */,
				405E026717CCDC7B0003EEF7 /* AFNetworking.h */,
				405E026817CCDC7B0003EEF7 /* AFPropertyListRequestOperation.h */,
				405E026917CCDC7B0003EEF7 /* AFPropertyListRequestOperation.m */,
				405E026A17CCDC7B0003EEF7 /* AFURLConnectionOperation.h */,
				405E026B17CCDC7B0003EEF7 /* AFURLConnectionOperation.m */,
				405E026C17CCDC7B0003EEF7 /* AFXMLRequestOperation.h */,
				405E026D17CCDC7B0003EEF7 /* AFXMLRequestOperation.m */,
				405E026E17CCDC7B0003EEF7 /* UIImageView+AFNetworking.h */,
				405E026F17CCDC7B0003EEF7 /* UIImageView+AFNetworking.m */,
			);
			path = AFNetworking;
			sourceTree = "<group>";
		};
		405E029017CCE9CB0003EEF7 /* Models */ = {
			isa = PBXGroup;
			children = (
				405E028D17CCE99E0003EEF7 /* IronSet.h */,
				405E028E17CCE99E0003EEF7 /* IronSet.m */,
				405E028A17CCE99E0003EEF7 /* Club.h */,
				405E028B17CCE99E0003EEF7 /* Club.m */,
			);
			name = Models;
			path = ..;
			sourceTree = "<group>";
		};
/* End PBXGroup section */

/* Begin PBXNativeTarget section */
		405E022717CCDBF20003EEF7 /* GolfCalculator */ = {
			isa = PBXNativeTarget;
			buildConfigurationList = 405E025617CCDBF20003EEF7 /* Build configuration list for PBXNativeTarget "GolfCalculator" */;
			buildPhases = (
				405E022417CCDBF20003EEF7 /* Sources */,
				405E022517CCDBF20003EEF7 /* Frameworks */,
				405E022617CCDBF20003EEF7 /* Resources */,
			);
			buildRules = (
			);
			dependencies = (
			);
			name = GolfCalculator;
			productName = GolfCalculator;
			productReference = 405E022817CCDBF20003EEF7 /* GolfCalculator.app */;
			productType = "com.apple.product-type.application";
		};
/* End PBXNativeTarget section */

/* Begin PBXProject section */
		405E022017CCDBF20003EEF7 /* Project object */ = {
			isa = PBXProject;
			attributes = {
				CLASSPREFIX = MLV;
				LastUpgradeCheck = 0460;
				ORGANIZATIONNAME = "MLV Group";
			};
			buildConfigurationList = 405E022317CCDBF20003EEF7 /* Build configuration list for PBXProject "GolfCalculator" */;
			compatibilityVersion = "Xcode 3.2";
			developmentRegion = English;
			hasScannedForEncodings = 0;
			knownRegions = (
				en,
			);
			mainGroup = 405E021F17CCDBF20003EEF7;
			productRefGroup = 405E022917CCDBF20003EEF7 /* Products */;
			projectDirPath = "";
			projectRoot = "";
			targets = (
				405E022717CCDBF20003EEF7 /* GolfCalculator */,
			);
		};
/* End PBXProject section */

/* Begin PBXResourcesBuildPhase section */
		405E022617CCDBF20003EEF7 /* Resources */ = {
			isa = PBXResourcesBuildPhase;
			buildActionMask = 2147483647;
			files = (
				405E023617CCDBF20003EEF7 /* InfoPlist.strings in Resources */,
				405E023E17CCDBF20003EEF7 /* Default.png in Resources */,
				405E024017CCDBF20003EEF7 /* Default@2x.png in Resources */,
				405E024217CCDBF20003EEF7 /* Default-568h@2x.png in Resources */,
				405E024517CCDBF20003EEF7 /* MainStoryboard.storyboard in Resources */,
				405E024A17CCDBF20003EEF7 /* first.png in Resources */,
				405E024C17CCDBF20003EEF7 /* first@2x.png in Resources */,
				405E025117CCDBF20003EEF7 /* second.png in Resources */,
				405E025317CCDBF20003EEF7 /* second@2x.png in Resources */,
			);
			runOnlyForDeploymentPostprocessing = 0;
		};
/* End PBXResourcesBuildPhase section */

/* Begin PBXSourcesBuildPhase section */
		405E022417CCDBF20003EEF7 /* Sources */ = {
			isa = PBXSourcesBuildPhase;
			buildActionMask = 2147483647;
			files = (
				405E023817CCDBF20003EEF7 /* main.m in Sources */,
				405E023C17CCDBF20003EEF7 /* MLVAppDelegate.m in Sources */,
				405E024817CCDBF20003EEF7 /* MLVFirstViewController.m in Sources */,
				405E024F17CCDBF20003EEF7 /* MLVSecondViewController.m in Sources */,
				405E025B17CCDC460003EEF7 /* MLVCoreDataController.m in Sources */,
				405E027017CCDC7B0003EEF7 /* AFHTTPClient.m in Sources */,
				405E027117CCDC7B0003EEF7 /* AFHTTPRequestOperation.m in Sources */,
				405E027217CCDC7B0003EEF7 /* AFImageRequestOperation.m in Sources */,
				405E027317CCDC7B0003EEF7 /* AFJSONRequestOperation.m in Sources */,
				405E027417CCDC7B0003EEF7 /* AFNetworkActivityIndicatorManager.m in Sources */,
				405E027517CCDC7B0003EEF7 /* AFPropertyListRequestOperation.m in Sources */,
				405E027617CCDC7B0003EEF7 /* AFURLConnectionOperation.m in Sources */,
				405E027717CCDC7B0003EEF7 /* AFXMLRequestOperation.m in Sources */,
				405E027817CCDC7B0003EEF7 /* UIImageView+AFNetworking.m in Sources */,
				405E028117CCDD380003EEF7 /* MLVAFParseAPIClient.m in Sources */,
				405E028417CCE03D0003EEF7 /* MLVSyncEngine.m in Sources */,
				405E028917CCE5650003EEF7 /* GolfCalculator.xcdatamodeld in Sources */,
				405E028C17CCE99E0003EEF7 /* Club.m in Sources */,
				405E028F17CCE99E0003EEF7 /* IronSet.m in Sources */,
			);
			runOnlyForDeploymentPostprocessing = 0;
		};
/* End PBXSourcesBuildPhase section */

/* Begin PBXVariantGroup section */
		405E023417CCDBF20003EEF7 /* InfoPlist.strings */ = {
			isa = PBXVariantGroup;
			children = (
				405E023517CCDBF20003EEF7 /* en */,
			);
			name = InfoPlist.strings;
			sourceTree = "<group>";
		};
		405E024317CCDBF20003EEF7 /* MainStoryboard.storyboard */ = {
			isa = PBXVariantGroup;
			children = (
				405E024417CCDBF20003EEF7 /* en */,
			);
			name = MainStoryboard.storyboard;
			sourceTree = "<group>";
		};
/* End PBXVariantGroup section */

/* Begin XCBuildConfiguration section */
		405E025417CCDBF20003EEF7 /* Debug */ = {
			isa = XCBuildConfiguration;
			buildSettings = {
				ALWAYS_SEARCH_USER_PATHS = NO;
				CLANG_CXX_LANGUAGE_STANDARD = "gnu++0x";
				CLANG_CXX_LIBRARY = "libc++";
				CLANG_ENABLE_OBJC_ARC = YES;
				CLANG_WARN_CONSTANT_CONVERSION = YES;
				CLANG_WARN_EMPTY_BODY = YES;
				CLANG_WARN_ENUM_CONVERSION = YES;
				CLANG_WARN_INT_CONVERSION = YES;
				CLANG_WARN__DUPLICATE_METHOD_MATCH = YES;
				"CODE_SIGN_IDENTITY[sdk=iphoneos*]" = "iPhone Developer";
				COPY_PHASE_STRIP = NO;
				GCC_C_LANGUAGE_STANDARD = gnu99;
				GCC_DYNAMIC_NO_PIC = NO;
				GCC_OPTIMIZATION_LEVEL = 0;
				GCC_PREPROCESSOR_DEFINITIONS = (
					"DEBUG=1",
					"$(inherited)",
				);
				GCC_SYMBOLS_PRIVATE_EXTERN = NO;
				GCC_WARN_ABOUT_RETURN_TYPE = YES;
				GCC_WARN_UNINITIALIZED_AUTOS = YES;
				GCC_WARN_UNUSED_VARIABLE = YES;
				IPHONEOS_DEPLOYMENT_TARGET = 6.1;
				ONLY_ACTIVE_ARCH = YES;
				SDKROOT = iphoneos;
			};
			name = Debug;
		};
		405E025517CCDBF20003EEF7 /* Release */ = {
			isa = XCBuildConfiguration;
			buildSettings = {
				ALWAYS_SEARCH_USER_PATHS = NO;
				CLANG_CXX_LANGUAGE_STANDARD = "gnu++0x";
				CLANG_CXX_LIBRARY = "libc++";
				CLANG_ENABLE_OBJC_ARC = YES;
				CLANG_WARN_CONSTANT_CONVERSION = YES;
				CLANG_WARN_EMPTY_BODY = YES;
				CLANG_WARN_ENUM_CONVERSION = YES;
				CLANG_WARN_INT_CONVERSION = YES;
				CLANG_WARN__DUPLICATE_METHOD_MATCH = YES;
				"CODE_SIGN_IDENTITY[sdk=iphoneos*]" = "iPhone Developer";
				COPY_PHASE_STRIP = YES;
				GCC_C_LANGUAGE_STANDARD = gnu99;
				GCC_WARN_ABOUT_RETURN_TYPE = YES;
				GCC_WARN_UNINITIALIZED_AUTOS = YES;
				GCC_WARN_UNUSED_VARIABLE = YES;
				IPHONEOS_DEPLOYMENT_TARGET = 6.1;
				OTHER_CFLAGS = "-DNS_BLOCK_ASSERTIONS=1";
				SDKROOT = iphoneos;
				VALIDATE_PRODUCT = YES;
			};
			name = Release;
		};
		405E025717CCDBF20003EEF7 /* Debug */ = {
			isa = XCBuildConfiguration;
			buildSettings = {
				GCC_PRECOMPILE_PREFIX_HEADER = YES;
				GCC_PREFIX_HEADER = "GolfCalculator/GolfCalculator-Prefix.pch";
				INFOPLIST_FILE = "GolfCalculator/GolfCalculator-Info.plist";
				PRODUCT_NAME = "$(TARGET_NAME)";
				SDKROOT = iphoneos;
				WRAPPER_EXTENSION = app;
			};
			name = Debug;
		};
		405E025817CCDBF20003EEF7 /* Release */ = {
			isa = XCBuildConfiguration;
			buildSettings = {
				GCC_PRECOMPILE_PREFIX_HEADER = YES;
				GCC_PREFIX_HEADER = "GolfCalculator/GolfCalculator-Prefix.pch";
				INFOPLIST_FILE = "GolfCalculator/GolfCalculator-Info.plist";
				PRODUCT_NAME = "$(TARGET_NAME)";
				SDKROOT = iphoneos;
				WRAPPER_EXTENSION = app;
			};
			name = Release;
		};
/* End XCBuildConfiguration section */

/* Begin XCConfigurationList section */
		405E022317CCDBF20003EEF7 /* Build configuration list for PBXProject "GolfCalculator" */ = {
			isa = XCConfigurationList;
			buildConfigurations = (
				405E025417CCDBF20003EEF7 /* Debug */,
				405E025517CCDBF20003EEF7 /* Release */,
			);
			defaultConfigurationIsVisible = 0;
			defaultConfigurationName = Release;
		};
		405E025617CCDBF20003EEF7 /* Build configuration list for PBXNativeTarget "GolfCalculator" */ = {
			isa = XCConfigurationList;
			buildConfigurations = (
				405E025717CCDBF20003EEF7 /* Debug */,
				405E025817CCDBF20003EEF7 /* Release */,
			);
			defaultConfigurationIsVisible = 0;
		};
/* End XCConfigurationList section */

/* Begin XCVersionGroup section */
		405E028717CCE5650003EEF7 /* GolfCalculator.xcdatamodeld */ = {
			isa = XCVersionGroup;
			children = (
				405E028817CCE5650003EEF7 /* GolfCalculator.xcdatamodel */,
			);
			currentVersion = 405E028817CCE5650003EEF7 /* GolfCalculator.xcdatamodel */;
			path = GolfCalculator.xcdatamodeld;
			sourceTree = "<group>";
			versionGroupType = wrapper.xcdatamodel;
		};
/* End XCVersionGroup section */
	};
	rootObject = 405E022017CCDBF20003EEF7 /* Project object */;
}
